
Microsoft Visual Studio Solution File, Format Version 12.00
# Visual Studio 15
VisualStudioVersion = 15.0.28307.136
MinimumVisualStudioVersion = 10.0.40219.1
Project("{FAE04EC0-301F-11D3-BF4B-00C04F79EFBC}") = "APINestedCol", "APINestedCol\APINestedCol.csproj", "{0FC91E14-2B3C-41AF-9052-8D0513BFEBBE}"
EndProject
Global
	GlobalSection(SolutionConfigurationPlatforms) = preSolution
		Debug|Any CPU = Debug|Any CPU
		Release|Any CPU = Release|Any CPU
	EndGlobalSection
	GlobalSection(ProjectConfigurationPlatforms) = postSolution
		{0FC91E14-2B3C-41AF-9052-8D0513BFEBBE}.Debug|Any CPU.ActiveCfg = Debug|Any CPU
		{0FC91E14-2B3C-41AF-9052-8D0513BFEBBE}.Debug|Any CPU.Build.0 = Debug|Any CPU
		{0FC91E14-2B3C-41AF-9052-8D0513BFEBBE}.Release|Any CPU.ActiveCfg = Release|Any CPU
		{0FC91E14-2B3C-41AF-9052-8D0513BFEBBE}.Release|Any CPU.Build.0 = Release|Any CPU
	EndGlobalSection
	GlobalSection(SolutionProperties) = preSolution
		HideSolutionNode = FALSE
	EndGlobalSection
	GlobalSection(ExtensibilityGlobals) = postSolution
		SolutionGuid = {CED6DDAC-7A08-4460-A8D4-C56CCC9A025E}
	EndGlobalSection
EndGlobal
